
Microsoft Visual Studio Solution File, Format Version 12.00
# Visual Studio 15
VisualStudioVersion = 15.0.27004.2010
MinimumVisualStudioVersion = 10.0.40219.1
Project("{9A19103F-16F7-4668-BE54-9A1E7A4F7556}") = "SH.HM", "SH.HM\SH.HM.csproj", "{2F1A8BA4-0A2B-43F3-B2C0-BFDB460ED646}"
EndProject
Project("{FAE04EC0-301F-11D3-BF4B-00C04F79EFBC}") = "SH.HMAngular", "SH.HMAngular\SH.HMAngular.csproj", "{E8959C86-24F4-48F7-B15F-D2E26BF5DAA4}"
EndProject
Global
	GlobalSection(SolutionConfigurationPlatforms) = preSolution
		Debug|Any CPU = Debug|Any CPU
		Release|Any CPU = Release|Any CPU
	EndGlobalSection
	GlobalSection(ProjectConfigurationPlatforms) = postSolution
		{2F1A8BA4-0A2B-43F3-B2C0-BFDB460ED646}.Debug|Any CPU.ActiveCfg = Debug|Any CPU
		{2F1A8BA4-0A2B-43F3-B2C0-BFDB460ED646}.Debug|Any CPU.Build.0 = Debug|Any CPU
		{2F1A8BA4-0A2B-43F3-B2C0-BFDB460ED646}.Release|Any CPU.ActiveCfg = Release|Any CPU
		{2F1A8BA4-0A2B-43F3-B2C0-BFDB460ED646}.Release|Any CPU.Build.0 = Release|Any CPU
		{E8959C86-24F4-48F7-B15F-D2E26BF5DAA4}.Debug|Any CPU.ActiveCfg = Debug|Any CPU
		{E8959C86-24F4-48F7-B15F-D2E26BF5DAA4}.Debug|Any CPU.Build.0 = Debug|Any CPU
		{E8959C86-24F4-48F7-B15F-D2E26BF5DAA4}.Release|Any CPU.ActiveCfg = Release|Any CPU
		{E8959C86-24F4-48F7-B15F-D2E26BF5DAA4}.Release|Any CPU.Build.0 = Release|Any CPU
	EndGlobalSection
	GlobalSection(SolutionProperties) = preSolution
		HideSolutionNode = FALSE
	EndGlobalSection
	GlobalSection(ExtensibilityGlobals) = postSolution
		SolutionGuid = {AB7DDAA9-1272-4307-B858-5EEB3684609F}
	EndGlobalSection
EndGlobal
